
Microsoft Visual Studio Solution File, Format Version 12.00
# Visual Studio Version 17
VisualStudioVersion = 17.3.32922.545
MinimumVisualStudioVersion = 10.0.40219.1
Project("{FAE04EC0-301F-11D3-BF4B-00C04F79EFBC}") = "RegexReplacer", "RegexReplacer\RegexReplacer.csproj", "{41C61C14-7854-4C3C-AF76-7233BE713FB1}"
EndProject
Global
	GlobalSection(SolutionConfigurationPlatforms) = preSolution
		Debug|Any CPU = Debug|Any CPU
		Release|Any CPU = Release|Any CPU
	EndGlobalSection
	GlobalSection(ProjectConfigurationPlatforms) = postSolution
		{41C61C14-7854-4C3C-AF76-7233BE713FB1}.Debug|Any CPU.ActiveCfg = Debug|Any CPU
		{41C61C14-7854-4C3C-AF76-7233BE713FB1}.Debug|Any CPU.Build.0 = Debug|Any CPU
		{41C61C14-7854-4C3C-AF76-7233BE713FB1}.Release|Any CPU.ActiveCfg = Release|Any CPU
		{41C61C14-7854-4C3C-AF76-7233BE713FB1}.Release|Any CPU.Build.0 = Release|Any CPU
	EndGlobalSection
	GlobalSection(SolutionProperties) = preSolution
		HideSolutionNode = FALSE
	EndGlobalSection
	GlobalSection(ExtensibilityGlobals) = postSolution
		SolutionGuid = {C136D840-AA58-4FCA-9936-11A0D1B6FCE8}
	EndGlobalSection
EndGlobal
